// !$*UTF8*$!
{
	archiveVersion = 1;
	classes = {
	};
	objectVersion = 46;
	objects = {

/* Begin PBXBuildFile section */
		84FEA6D01C32E0B10012730D /* main.m in Sources */ = {isa = PBXBuildFile; fileRef = 84FEA6CF1C32E0B10012730D /* main.m */; };
		84FEA6D31C32E0B10012730D /* AppDelegate.m in Sources */ = {isa = PBXBuildFile; fileRef = 84FEA6D21C32E0B10012730D /* AppDelegate.m */; };
		84FEA6D61C32E0B10012730D /* ViewController.m in Sources */ = {isa = PBXBuildFile; fileRef = 84FEA6D51C32E0B10012730D /* ViewController.m */; };
		84FEA6D91C32E0B10012730D /* Main.storyboard in Resources */ = {isa = PBXBuildFile; fileRef = 84FEA6D71C32E0B10012730D /* Main.storyboard */; };
		84FEA6DB1C32E0B10012730D /* Assets.xcassets in Resources */ = {isa = PBXBuildFile; fileRef = 84FEA6DA1C32E0B10012730D /* Assets.xcassets */; };
		84FEA6DE1C32E0B10012730D /* LaunchScreen.storyboard in Resources */ = {isa = PBXBuildFile; fileRef = 84FEA6DC1C32E0B10012730D /* LaunchScreen.storyboard */; };
/* End PBXBuildFile section */

/* Begin PBXFileReference section */
		84FEA6CB1C32E0B10012730D /* Soap1.app */ = {isa = PBXFileReference; explicitFileType = wrapper.application; includeInIndex = 0; path = Soap1.app; sourceTree = BUILT_PRODUCTS_DIR; };
		84FEA6CF1C32E0B10012730D /* main.m */ = {isa = PBXFileReference; lastKnownFileType = sourcecode.c.objc; path = main.m; sourceTree = "<group>"; };
		84FEA6D11C32E0B10012730D /* AppDelegate.h */ = {isa = PBXFileReference; lastKnownFileType = sourcecode.c.h; path = AppDelegate.h; sourceTree = "<group>"; };
		84FEA6D21C32E0B10012730D /* AppDelegate.m */ = {isa = PBXFileReference; lastKnownFileType = sourcecode.c.objc; path = AppDelegate.m; sourceTree = "<group>"; };
		84FEA6D41C32E0B10012730D /* ViewController.h */ = {isa = PBXFileReference; lastKnownFileType = sourcecode.c.h; path = ViewController.h; sourceTree = "<group>"; };
		84FEA6D51C32E0B10012730D /* ViewController.m */ = {isa = PBXFileReference; lastKnownFileType = sourcecode.c.objc; path = ViewController.m; sourceTree = "<group>"; };
		84FEA6D81C32E0B10012730D /* Base */ = {isa = PBXFileReference; lastKnownFileType = file.storyboard; name = Base; path = Base.lproj/Main.storyboard; sourceTree = "<group>"; };
		84FEA6DA1C32E0B10012730D /* Assets.xcassets */ = {isa = PBXFileReference; lastKnownFileType = folder.assetcatalog; path = Assets.xcassets; sourceTree = "<group>"; };
		84FEA6DD1C32E0B10012730D /* Base */ = {isa = PBXFileReference; lastKnownFileType = file.storyboard; name = Base; path = Base.lproj/LaunchScreen.storyboard; sourceTree = "<group>"; };
		84FEA6DF1C32E0B10012730D /* Info.plist */ = {isa = PBXFileReference; lastKnownFileType = text.plist.xml; path = Info.plist; sourceTree = "<group>"; };
/* End PBXFileReference section */

/* Begin PBXFrameworksBuildPhase section */
		84FEA6C81C32E0B10012730D /* Frameworks */ = {
			isa = PBXFrameworksBuildPhase;
			buildActionMask = 2147483647;
			files = (
			);
			runOnlyForDeploymentPostprocessing = 0;
		};
/* End PBXFrameworksBuildPhase section */

/* Begin PBXGroup section */
		84FEA6C21C32E0B10012730D = {
			isa = PBXGroup;
			children = (
				84FEA6CD1C32E0B10012730D /* Soap1 */,
				84FEA6CC1C32E0B10012730D /* Products */,
			);
			sourceTree = "<group>";
		};
		84FEA6CC1C32E0B10012730D /* Products */ = {
			isa = PBXGroup;
			children = (
				84FEA6CB1C32E0B10012730D /* Soap1.app */,
			);
			name = Products;
			sourceTree = "<group>";
		};
		84FEA6CD1C32E0B10012730D /* Soap1 */ = {
			isa = PBXGroup;
			children = (
				84FEA6D11C32E0B10012730D /* AppDelegate.h */,
				84FEA6D21C32E0B10012730D /* AppDelegate.m */,
				84FEA6D41C32E0B10012730D /* ViewController.h */,
				84FEA6D51C32E0B10012730D /* ViewController.m */,
				84FEA6D71C32E0B10012730D /* Main.storyboard */,
				84FEA6DA1C32E0B10012730D /* Assets.xcassets */,
				84FEA6DC1C32E0B10012730D /* LaunchScreen.storyboard */,
				84FEA6DF1C32E0B10012730D /* Info.plist */,
				84FEA6CE1C32E0B10012730D /* Supporting Files */,
			);
			path = Soap1;
			sourceTree = "<group>";
		};
		84FEA6CE1C32E0B10012730D /* Supporting Files */ = {
			isa = PBXGroup;
			children = (
				84FEA6CF1C32E0B10012730D /* main.m */,
			);
			name = "Supporting Files";
			sourceTree = "<group>";
		};
/* End PBXGroup section */

/* Begin PBXNativeTarget section */
		84FEA6CA1C32E0B10012730D /* Soap1 */ = {
			isa = PBXNativeTarget;
			buildConfigurationList = 84FEA6E21C32E0B10012730D /* Build configuration list for PBXNativeTarget "Soap1" */;
			buildPhases = (
				84FEA6C71C32E0B10012730D /* Sources */,
				84FEA6C81C32E0B10012730D /* Frameworks */,
				84FEA6C91C32E0B10012730D /* Resources */,
			);
			buildRules = (
			);
			dependencies = (
			);
			name = Soap1;
			productName = Soap1;
			productReference = 84FEA6CB1C32E0B10012730D /* Soap1.app */;
			productType = "com.apple.product-type.application";
		};
/* End PBXNativeTarget section */

/* Begin PBXProject section */
		84FEA6C31C32E0B10012730D /* Project object */ = {
			isa = PBXProject;
			attributes = {
				LastUpgradeCheck = 0720;
				ORGANIZATIONNAME = PMP;
				TargetAttributes = {
					84FEA6CA1C32E0B10012730D = {
						CreatedOnToolsVersion = 7.2;
					};
				};
			};
			buildConfigurationList = 84FEA6C61C32E0B10012730D /* Build configuration list for PBXProject "Soap1" */;
			compatibilityVersion = "Xcode 3.2";
			developmentRegion = English;
			hasScannedForEncodings = 0;
			knownRegions = (
				en,
				Base,
			);
			mainGroup = 84FEA6C21C32E0B10012730D;
			productRefGroup = 84FEA6CC1C32E0B10012730D /* Products */;
			projectDirPath = "";
			projectRoot = "";
			targets = (
				84FEA6CA1C32E0B10012730D /* Soap1 */,
			);
		};
/* End PBXProject section */

/* Begin PBXResourcesBuildPhase section */
		84FEA6C91C32E0B10012730D /* Resources */ = {
			isa = PBXResourcesBuildPhase;
			buildActionMask = 2147483647;
			files = (
				84FEA6DE1C32E0B10012730D /* LaunchScreen.storyboard in Resources */,
				84FEA6DB1C32E0B10012730D /* Assets.xcassets in Resources */,
				84FEA6D91C32E0B10012730D /* Main.storyboard in Resources */,
			);
			runOnlyForDeploymentPostprocessing = 0;
		};
/* End PBXResourcesBuildPhase section */

/* Begin PBXSourcesBuildPhase section */
		84FEA6C71C32E0B10012730D /* Sources */ = {
			isa = PBXSourcesBuildPhase;
			buildActionMask = 2147483647;
			files = (
				84FEA6D61C32E0B10012730D /* ViewController.m in Sources */,
				84FEA6D31C32E0B10012730D /* AppDelegate.m in Sources */,
				84FEA6D01C32E0B10012730D /* main.m in Sources */,
			);
			runOnlyForDeploymentPostprocessing = 0;
		};
/* End PBXSourcesBuildPhase section */

/* Begin PBXVariantGroup section */
		84FEA6D71C32E0B10012730D /* Main.storyboard */ = {
			isa = PBXVariantGroup;
			children = (
				84FEA6D81C32E0B10012730D /* Base */,
			);
			name = Main.storyboard;
			sourceTree = "<group>";
		};
		84FEA6DC1C32E0B10012730D /* LaunchScreen.storyboard */ = {
			isa = PBXVariantGroup;
			children = (
				84FEA6DD1C32E0B10012730D /* Base */,
			);
			name = LaunchScreen.storyboard;
			sourceTree = "<group>";
		};
/* End PBXVariantGroup section */

/* Begin XCBuildConfiguration section */
		84FEA6E01C32E0B10012730D /* Debug */ = {
			isa = XCBuildConfiguration;
			buildSettings = {
				ALWAYS_SEARCH_USER_PATHS = NO;
				CLANG_CXX_LANGUAGE_STANDARD = "gnu++0x";
				CLANG_CXX_LIBRARY = "libc++";
				CLANG_ENABLE_MODULES = YES;
				CLANG_ENABLE_OBJC_ARC = YES;
				CLANG_WARN_BOOL_CONVERSION = YES;
				CLANG_WARN_CONSTANT_CONVERSION = YES;
				CLANG_WARN_DIRECT_OBJC_ISA_USAGE = YES_ERROR;
				CLANG_WARN_EMPTY_BODY = YES;
				CLANG_WARN_ENUM_CONVERSION = YES;
				CLANG_WARN_INT_CONVERSION = YES;
				CLANG_WARN_OBJC_ROOT_CLASS = YES_ERROR;
				CLANG_WARN_UNREACHABLE_CODE = YES;
				CLANG_WARN__DUPLICATE_METHOD_MATCH = YES;
				"CODE_SIGN_IDENTITY[sdk=iphoneos*]" = "iPhone Developer";
				COPY_PHASE_STRIP = NO;
				DEBUG_INFORMATION_FORMAT = dwarf;
				ENABLE_STRICT_OBJC_MSGSEND = YES;
				ENABLE_TESTABILITY = YES;
				GCC_C_LANGUAGE_STANDARD = gnu99;
				GCC_DYNAMIC_NO_PIC = NO;
				GCC_NO_COMMON_BLOCKS = YES;
				GCC_OPTIMIZATION_LEVEL = 0;
				GCC_PREPROCESSOR_DEFINITIONS = (
					"DEBUG=1",
					"$(inherited)",
				);
				GCC_WARN_64_TO_32_BIT_CONVERSION = YES;
				GCC_WARN_ABOUT_RETURN_TYPE = YES_ERROR;
				GCC_WARN_UNDECLARED_SELECTOR = YES;
				GCC_WARN_UNINITIALIZED_AUTOS = YES_AGGRESSIVE;
				GCC_WARN_UNUSED_FUNCTION = YES;
				GCC_WARN_UNUSED_VARIABLE = YES;
				IPHONEOS_DEPLOYMENT_TARGET = 9.2;
				MTL_ENABLE_DEBUG_INFO = YES;
				ONLY_ACTIVE_ARCH = YES;
				SDKROOT = iphoneos;
			};
			name = Debug;
		};
		84FEA6E11C32E0B10012730D /* Release */ = {
			isa = XCBuildConfiguration;
			buildSettings = {
				ALWAYS_SEARCH_USER_PATHS = NO;
				CLANG_CXX_LANGUAGE_STANDARD = "gnu++0x";
				CLANG_CXX_LIBRARY = "libc++";
				CLANG_ENABLE_MODULES = YES;
				CLANG_ENABLE_OBJC_ARC = YES;
				CLANG_WARN_BOOL_CONVERSION = YES;
				CLANG_WARN_CONSTANT_CONVERSION = YES;
				CLANG_WARN_DIRECT_OBJC_ISA_USAGE = YES_ERROR;
				CLANG_WARN_EMPTY_BODY = YES;
				CLANG_WARN_ENUM_CONVERSION = YES;
				CLANG_WARN_INT_CONVERSION = YES;
				CLANG_WARN_OBJC_ROOT_CLASS = YES_ERROR;
				CLANG_WARN_UNREACHABLE_CODE = YES;
				CLANG_WARN__DUPLICATE_METHOD_MATCH = YES;
				"CODE_SIGN_IDENTITY[sdk=iphoneos*]" = "iPhone Developer";
				COPY_PHASE_STRIP = NO;
				DEBUG_INFORMATION_FORMAT = "dwarf-with-dsym";
				ENABLE_NS_ASSERTIONS = NO;
				ENABLE_STRICT_OBJC_MSGSEND = YES;
				GCC_C_LANGUAGE_STANDARD = gnu99;
				GCC_NO_COMMON_BLOCKS = YES;
				GCC_WARN_64_TO_32_BIT_CONVERSION = YES;
				GCC_WARN_ABOUT_RETURN_TYPE = YES_ERROR;
				GCC_WARN_UNDECLARED_SELECTOR = YES;
				GCC_WARN_UNINITIALIZED_AUTOS = YES_AGGRESSIVE;
				GCC_WARN_UNUSED_FUNCTION = YES;
				GCC_WARN_UNUSED_VARIABLE = YES;
				IPHONEOS_DEPLOYMENT_TARGET = 9.2;
				MTL_ENABLE_DEBUG_INFO = NO;
				SDKROOT = iphoneos;
				VALIDATE_PRODUCT = YES;
			};
			name = Release;
		};
		84FEA6E31C32E0B10012730D /* Debug */ = {
			isa = XCBuildConfiguration;
			buildSettings = {
				ASSETCATALOG_COMPILER_APPICON_NAME = AppIcon;
				INFOPLIST_FILE = Soap1/Info.plist;
				LD_RUNPATH_SEARCH_PATHS = "$(inherited) @executable_path/Frameworks";
				PRODUCT_BUNDLE_IDENTIFIER = mc.procesosmc.Soap1;
				PRODUCT_NAME = "$(TARGET_NAME)";
			};
			name = Debug;
		};
		84FEA6E41C32E0B10012730D /* Release */ = {
			isa = XCBuildConfiguration;
			buildSettings = {
				ASSETCATALOG_COMPILER_APPICON_NAME = AppIcon;
				INFOPLIST_FILE = Soap1/Info.plist;
				LD_RUNPATH_SEARCH_PATHS = "$(inherited) @executable_path/Frameworks";
				PRODUCT_BUNDLE_IDENTIFIER = mc.procesosmc.Soap1;
				PRODUCT_NAME = "$(TARGET_NAME)";
			};
			name = Release;
		};
/* End XCBuildConfiguration section */

/* Begin XCConfigurationList section */
		84FEA6C61C32E0B10012730D /* Build configuration list for PBXProject "Soap1" */ = {
			isa = XCConfigurationList;
			buildConfigurations = (
				84FEA6E01C32E0B10012730D /* Debug */,
				84FEA6E11C32E0B10012730D /* Release */,
			);
			defaultConfigurationIsVisible = 0;
			defaultConfigurationName = Release;
		};
		84FEA6E21C32E0B10012730D /* Build configuration list for PBXNativeTarget "Soap1" */ = {
			isa = XCConfigurationList;
			buildConfigurations = (
				84FEA6E31C32E0B10012730D /* Debug */,
				84FEA6E41C32E0B10012730D /* Release */,
			);
			defaultConfigurationIsVisible = 0;
			defaultConfigurationName = Release;
		};
/* End XCConfigurationList section */
	};
	rootObject = 84FEA6C31C32E0B10012730D /* Project object */;
}
